hash: 25143d10fd8a4a68fcf14bc50f15b7b0ea1e2355e2e662de992d1b17e8467a92
updated: 2017-08-07T23:29:10.0869533+01:00
imports:
- name: cloud.google.com/go
  version: a8d72565bb929f3aac7fef3ea887cc0b0a2381af
  subpackages:
  - compute/metadata
- name: github.com/davidsansome/parallel
  version: c888a3c156933e24e3bb73d6e985c5354587d026
- name: github.com/flosch/pongo2
  version: 58f1f3387f7c57843ff829d92a759d08abe5a63f
- name: github.com/golang/protobuf
  version: 748d386b5c1ea99658fd69fe9f03991ce86a90c1
  subpackages:
  - proto
- name: github.com/juju/errors
  version: c7d06af17c68cd34c835053720b21f6549d9b0ee
- name: golang.org/x/crypto
  version: 81db3efc71b576a04b145ca576c0bb9c0fb74d4f
  subpackages:
  - acme
- name: golang.org/x/net
  version: f5079bd7f6f74e23c4d65efa0f4ce14cbd6a3c0f
  subpackages:
  - context
  - context/ctxhttp
- name: golang.org/x/oauth2
  version: 9a379c6b3e95a790ffc43293c2a78dee0d7b6e20
  subpackages:
  - google
  - internal
  - jws
  - jwt
- name: google.golang.org/api
  version: 5c4ffd5985e22d25e9cadc37183b88c3a31497c2
  subpackages:
  - appengine/v1beta
  - gensupport
  - googleapi
  - googleapi/internal/uritemplates
- name: google.golang.org/appengine
  version: 3cd84cfbda88e688f897dcf255a9fc0cac6ed74a
  repo: https://github.com/davidsansome/appengine
  vcs: git
  subpackages:
  - datastore
  - delay
  - internal
  - internal/app_identity
  - internal/base
  - internal/datastore
  - internal/log
  - internal/modules
  - internal/remote_api
  - internal/taskqueue
  - internal/urlfetch
  - internal/user
  - log
  - taskqueue
  - urlfetch
  - user
testImports:
- name: github.com/gopherjs/gopherjs
  version: 2b1d432c8a82c9bff0b0baffaeb3ec6e92974112
  subpackages:
  - js
- name: github.com/jtolds/gls
  version: 77f18212c9c7edc9bd6a33d383a7b545ce62f064
- name: github.com/smartystreets/assertions
  version: 3c7b29c4776a870a5983b38635e241a40a7e5422
  subpackages:
  - internal/go-render/render
  - internal/oglematchers
- name: github.com/smartystreets/goconvey
  version: 9e8dc3f972df6c8fcc0375ef492c24d0bb204857
  subpackages:
  - convey
  - convey/gotest
  - convey/reporting
- name: github.com/smartystreets/logging
  version: ac3a674540761aa0b4382094ba4795f917e85c7f
