cloud.google.com/go v0.0.0-20170807220850-a8d72565bb92 h1:t0KRb62sLP2qunZXixES38uhdoREIRwkEoz/8GJhd2A=
cloud.google.com/go v0.0.0-20170807220850-a8d72565bb92/go.mod h1:aQUYkXzVsufM+DwF1aE+0xfcU+56JwCaLick0ClmMTw=
github.com/davidsansome/parallel v0.0.0-20170128014230-c888a3c15693 h1:27fTdeVKn8KlKe0c1Dq9/A+lqaUZVzEhdNFPrbjl1Ew=
github.com/davidsansome/parallel v0.0.0-20170128014230-c888a3c15693/go.mod h1:F4QpIN1NwOh2CQ+FrCyKZDwMgCnJaIDwpPOCWLJewec=
github.com/flosch/pongo2 v0.0.0-20170704123420-58f1f3387f7c h1:bFrGHMaCAZYJKRSw5K2UazapYSk/8hWIxztGnr5SRcU=
github.com/flosch/pongo2 v0.0.0-20170704123420-58f1f3387f7c/go.mod h1:rE0ErqqBaMcp9pzj8JxV1GcfDBpuypXYxlR1c37AUwg=
github.com/golang/protobuf v0.0.0-20170726212829-748d386b5c1e h1:lDgkE81VC1S0yetyGVVGW923ICSIlj6zVU/WaOd9QJ0=
github.com/golang/protobuf v0.0.0-20170726212829-748d386b5c1e/go.mod h1:6lQm79b+lXiMfvg/cZm0SGofjICqVBUtrP5yJMmIC1U=
github.com/jtolds/gls v4.2.1+incompatible h1:fSuqC+Gmlu6l/ZYAoZzx2pyucC8Xza35fpRVWLVmUEE=
github.com/jtolds/gls v4.2.1+incompatible/go.mod h1:QJZ7F/aHp+rZTRtaJ1ow/lLfFfVYBRgL+9YlvaHOwJU=
github.com/juju/errors v0.0.0-20170703010042-c7d06af17c68 h1:d2hBkTvi7B89+OXY8+bBBshPlc+7JYacGrG/dFak8SQ=
github.com/juju/errors v0.0.0-20170703010042-c7d06af17c68/go.mod h1:W54LbzXuIE0boCoNJfwqpmkKJ1O4TCTZMetAt6jGk7Q=
github.com/smartystreets/assertions v0.0.0-20180927180507-b2de0cb4f26d h1:zE9ykElWQ6/NYmHa3jpm/yHnI4xSofP+UP6SpjHcSeM=
github.com/smartystreets/assertions v0.0.0-20180927180507-b2de0cb4f26d/go.mod h1:OnSkiWE9lh6wB0YB77sQom3nweQdgAjqCqsofrRNTgc=
github.com/smartystreets/goconvey v0.0.0-20181108003508-044398e4856c h1:Ho+uVpkel/udgjbwB5Lktg9BtvJSh2DT0Hi6LPSyI2w=
github.com/smartystreets/goconvey v0.0.0-20181108003508-044398e4856c/go.mod h1:XDJAKZRPZ1CvBcN2aX5YOUTYGHki24fSF0Iv48Ibg0s=
golang.org/x/crypto v0.0.0-20170807222151-81db3efc71b5 h1:3I+K7yLHb+ELjY+Y/Mefg2br06vD7xNVKuczximSgzU=
golang.org/x/crypto v0.0.0-20170807222151-81db3efc71b5/go.mod h1:6SG95UA2DQfeDnfUPMdvaQW0Q7yPrPDi9nlGo2tz2b4=
golang.org/x/net v0.0.0-20170726083632-f5079bd7f6f7 h1:1Pw+ZX4dmGORIwGkTwnUr7RFuMhfpCYHXRZNF04XPYs=
golang.org/x/net v0.0.0-20170726083632-f5079bd7f6f7/go.mod h1:mL1N/T3taQHkDXs73rZJwtUhF3w3ftmwwsq0BUmARs4=
golang.org/x/oauth2 v0.0.0-20170807180024-9a379c6b3e95 h1:RS+wSrhdVci7CsPwJaMN8exaP3UTuQU0qB34R/E/JD0=
golang.org/x/oauth2 v0.0.0-20170807180024-9a379c6b3e95/go.mod h1:N/0e6XlmueqKjAGxoOufVs8QHGRruUQn6yWY3a++T0U=
google.golang.org/api v0.0.0-20170807210121-5c4ffd5985e2 h1:wF/9eBxkxh3/00HWCFpF3583KFXGapuZ3EVpZIuLd4Q=
google.golang.org/api v0.0.0-20170807210121-5c4ffd5985e2/go.mod h1:4mhQ8q/RsB7i+udVvVy5NUi08OU8ZlA0gRVgrF7VFY0=
google.golang.org/appengine v0.0.0-20170814190942-d9a072cfa7b9 h1:Zah/G8l5cI0i6IOUSXvWxCk4BfRFgNi2L0ZtFWF4FCw=
google.golang.org/appengine v0.0.0-20170814190942-d9a072cfa7b9/go.mod h1:EbEs0AVv82hx2wNQdGPgUI5lhzA/G0D9YwlJXL52JkM=
